
Microsoft Visual Studio Solution File, Format Version 12.00
# Visual Studio Version 17
VisualStudioVersion = 17.13.35806.99 d17.13
MinimumVisualStudioVersion = 10.0.40219.1
Project("{FAE04EC0-301F-11D3-BF4B-00C04F79EFBC}") = "wpf-01-calculator", "wpf-01-calculator\wpf-01-calculator.csproj", "{9B2B3D8C-EACE-4704-951A-C1EE768E3B9D}"
EndProject
Global
	GlobalSection(SolutionConfigurationPlatforms) = preSolution
		Debug|Any CPU = Debug|Any CPU
		Release|Any CPU = Release|Any CPU
	EndGlobalSection
	GlobalSection(ProjectConfigurationPlatforms) = postSolution
		{9B2B3D8C-EACE-4704-951A-C1EE768E3B9D}.Debug|Any CPU.ActiveCfg = Debug|Any CPU
		{9B2B3D8C-EACE-4704-951A-C1EE768E3B9D}.Debug|Any CPU.Build.0 = Debug|Any CPU
		{9B2B3D8C-EACE-4704-951A-C1EE768E3B9D}.Release|Any CPU.ActiveCfg = Release|Any CPU
		{9B2B3D8C-EACE-4704-951A-C1EE768E3B9D}.Release|Any CPU.Build.0 = Release|Any CPU
	EndGlobalSection
	GlobalSection(SolutionProperties) = preSolution
		HideSolutionNode = FALSE
	EndGlobalSection
	GlobalSection(ExtensibilityGlobals) = postSolution
		SolutionGuid = {7A41683F-B021-47A0-800A-36D7F3FD2A9E}
	EndGlobalSection
EndGlobal
